
Microsoft Visual Studio Solution File, Format Version 12.00
# Visual Studio Version 16
VisualStudioVersion = 16.0.31205.134
MinimumVisualStudioVersion = 10.0.40219.1
Project("{9A19103F-16F7-4668-BE54-9A1E7A4F7556}") = "TreeStructure.Infrastructure", "TreeStructure.Infrastructure\TreeStructure.Infrastructure.csproj", "{AAF32DEE-221F-4D57-A1E8-492FFF0A2A77}"
EndProject
Project("{9A19103F-16F7-4668-BE54-9A1E7A4F7556}") = "TreeStructure.Core", "TreeStructure.Core\TreeStructure.Core.csproj", "{5D935A41-3E74-4FFA-828B-F714F7C088A4}"
EndProject
Project("{9A19103F-16F7-4668-BE54-9A1E7A4F7556}") = "TreeStructure.Api", "TreeStructure.Api\TreeStructure.Api.csproj", "{0602E638-AD48-4618-8C26-FD18C09607E7}"
EndProject
Project("{2150E333-8FDC-42A3-9474-1A3956D46DE8}") = "WebApi", "WebApi", "{C6A9A5F1-081E-412D-A6C4-11DA3926E612}"
EndProject
Global
	GlobalSection(SolutionConfigurationPlatforms) = preSolution
		Debug|Any CPU = Debug|Any CPU
		Release|Any CPU = Release|Any CPU
	EndGlobalSection
	GlobalSection(ProjectConfigurationPlatforms) = postSolution
		{AAF32DEE-221F-4D57-A1E8-492FFF0A2A77}.Debug|Any CPU.ActiveCfg = Debug|Any CPU
		{AAF32DEE-221F-4D57-A1E8-492FFF0A2A77}.Debug|Any CPU.Build.0 = Debug|Any CPU
		{AAF32DEE-221F-4D57-A1E8-492FFF0A2A77}.Release|Any CPU.ActiveCfg = Debug|Any CPU
		{AAF32DEE-221F-4D57-A1E8-492FFF0A2A77}.Release|Any CPU.Build.0 = Debug|Any CPU
		{5D935A41-3E74-4FFA-828B-F714F7C088A4}.Debug|Any CPU.ActiveCfg = Debug|Any CPU
		{5D935A41-3E74-4FFA-828B-F714F7C088A4}.Debug|Any CPU.Build.0 = Debug|Any CPU
		{5D935A41-3E74-4FFA-828B-F714F7C088A4}.Release|Any CPU.ActiveCfg = Debug|Any CPU
		{5D935A41-3E74-4FFA-828B-F714F7C088A4}.Release|Any CPU.Build.0 = Debug|Any CPU
		{0602E638-AD48-4618-8C26-FD18C09607E7}.Debug|Any CPU.ActiveCfg = Debug|Any CPU
		{0602E638-AD48-4618-8C26-FD18C09607E7}.Debug|Any CPU.Build.0 = Debug|Any CPU
		{0602E638-AD48-4618-8C26-FD18C09607E7}.Release|Any CPU.ActiveCfg = Release|Any CPU
		{0602E638-AD48-4618-8C26-FD18C09607E7}.Release|Any CPU.Build.0 = Release|Any CPU
	EndGlobalSection
	GlobalSection(SolutionProperties) = preSolution
		HideSolutionNode = FALSE
	EndGlobalSection
	GlobalSection(ExtensibilityGlobals) = postSolution
		SolutionGuid = {A1655B90-1F4E-47EC-BDA3-ED3BF5035DB0}
	EndGlobalSection
EndGlobal
